<?xml version="1.0" encoding="utf-8"?>
<Project ToolsVersion="4.0" xmlns="http://schemas.microsoft.com/developer/msbuild/2003">
  <ItemGroup>
    <Filter Include="Defs">
      <UniqueIdentifier>{96674456-4b18-4666-a5cd-7f3a1b1608c5}</UniqueIdentifier>
    </Filter>
    <Filter Include="Lib">
      <UniqueIdentifier>{9ebc8776-6924-42d8-b135-3d7941096137}</UniqueIdentifier>
    </Filter>
    <Filter Include="Memory">
      <UniqueIdentifier>{a31dbe0b-96bc-46a8-9a45-2b223f712ef7}</UniqueIdentifier>
    </Filter>
    <Filter Include="Utility">
      <UniqueIdentifier>{3442d75b-5068-4900-90fd-c47def4f711a}</UniqueIdentifier>
    </Filter>
    <Filter Include="Node">
      <UniqueIdentifier>{5b2411ab-00e1-486c-9482-f0c5c4e213a4}</UniqueIdentifier>
    </Filter>
    <Filter Include="Data">
      <UniqueIdentifier>{ab565e07-6189-44c5-acc5-5e8c7f65426c}</UniqueIdentifier>
    </Filter>
  </ItemGroup>
  <ItemGroup>
    <ClInclude Include="KNX_SDK.h">
      <Filter>Lib</Filter>
    </ClInclude>
    <ClInclude Include="KMem.h">
      <Filter>Memory</Filter>
    </ClInclude>
    <ClInclude Include="Utility.h">
      <Filter>Utility</Filter>
    </ClInclude>
    <ClInclude Include="NodeCore.h">
      <Filter>Node</Filter>
    </ClInclude>
    <ClInclude Include="DataTrns.h">
      <Filter>Data</Filter>
    </ClInclude>
  </ItemGroup>
  <ItemGroup>
    <ClCompile Include="KMem.cpp">
      <Filter>Memory</Filter>
    </ClCompile>
    <ClCompile Include="Utility.cpp">
      <Filter>Utility</Filter>
    </ClCompile>
    <ClCompile Include="NodeCore.cpp">
      <Filter>Node</Filter>
    </ClCompile>
    <ClCompile Include="ByteCode.cpp">
      <Filter>Data</Filter>
    </ClCompile>
  </ItemGroup>
</Project>